
Microsoft Visual Studio Solution File, Format Version 12.00
# Visual Studio 2013
VisualStudioVersion = 12.0.31101.0
MinimumVisualStudioVersion = 10.0.40219.1
Project("{FAE04EC0-301F-11D3-BF4B-00C04F79EFBC}") = "Agenda", "Agenda\Agenda.csproj", "{5B3B5818-DEDD-4084-A14A-DD3CA6458E12}"
EndProject
Project("{FAE04EC0-301F-11D3-BF4B-00C04F79EFBC}") = "AgendaConsole", "AgendaConsole\AgendaConsole.csproj", "{178F5BDF-B06E-4DEE-A390-B0FC51D1CF47}"
EndProject
Global
	GlobalSection(SolutionConfigurationPlatforms) = preSolution
		Debug|Any CPU = Debug|Any CPU
		Release|Any CPU = Release|Any CPU
	EndGlobalSection
	GlobalSection(ProjectConfigurationPlatforms) = postSolution
		{5B3B5818-DEDD-4084-A14A-DD3CA6458E12}.Debug|Any CPU.ActiveCfg = Debug|Any CPU
		{5B3B5818-DEDD-4084-A14A-DD3CA6458E12}.Debug|Any CPU.Build.0 = Debug|Any CPU
		{5B3B5818-DEDD-4084-A14A-DD3CA6458E12}.Release|Any CPU.ActiveCfg = Release|Any CPU
		{5B3B5818-DEDD-4084-A14A-DD3CA6458E12}.Release|Any CPU.Build.0 = Release|Any CPU
		{178F5BDF-B06E-4DEE-A390-B0FC51D1CF47}.Debug|Any CPU.ActiveCfg = Debug|Any CPU
		{178F5BDF-B06E-4DEE-A390-B0FC51D1CF47}.Debug|Any CPU.Build.0 = Debug|Any CPU
		{178F5BDF-B06E-4DEE-A390-B0FC51D1CF47}.Release|Any CPU.ActiveCfg = Release|Any CPU
		{178F5BDF-B06E-4DEE-A390-B0FC51D1CF47}.Release|Any CPU.Build.0 = Release|Any CPU
	EndGlobalSection
	GlobalSection(SolutionProperties) = preSolution
		HideSolutionNode = FALSE
	EndGlobalSection
EndGlobal
